
Microsoft Visual Studio Solution File, Format Version 12.00
# Visual Studio Version 17
VisualStudioVersion = 17.8.34330.188
MinimumVisualStudioVersion = 10.0.40219.1
Project("{9A19103F-16F7-4668-BE54-9A1E7A4F7556}") = "BlazorWithIdentityPlatform", "BlazorWithIdentityPlatform\BlazorWithIdentityPlatform.csproj", "{ADC977D1-9A46-4D8F-9AF5-0B7A4B69881C}"
EndProject
Global
	GlobalSection(SolutionConfigurationPlatforms) = preSolution
		Debug|Any CPU = Debug|Any CPU
		Release|Any CPU = Release|Any CPU
	EndGlobalSection
	GlobalSection(ProjectConfigurationPlatforms) = postSolution
		{ADC977D1-9A46-4D8F-9AF5-0B7A4B69881C}.Debug|Any CPU.ActiveCfg = Debug|Any CPU
		{ADC977D1-9A46-4D8F-9AF5-0B7A4B69881C}.Debug|Any CPU.Build.0 = Debug|Any CPU
		{ADC977D1-9A46-4D8F-9AF5-0B7A4B69881C}.Release|Any CPU.ActiveCfg = Release|Any CPU
		{ADC977D1-9A46-4D8F-9AF5-0B7A4B69881C}.Release|Any CPU.Build.0 = Release|Any CPU
	EndGlobalSection
	GlobalSection(SolutionProperties) = preSolution
		HideSolutionNode = FALSE
	EndGlobalSection
	GlobalSection(ExtensibilityGlobals) = postSolution
		SolutionGuid = {440342DB-F6E9-4E23-A40C-F25F5212F6C0}
	EndGlobalSection
EndGlobal
